
Microsoft Visual Studio Solution File, Format Version 12.00
# Visual Studio Version 16
VisualStudioVersion = 16.0.28917.181
MinimumVisualStudioVersion = 10.0.40219.1
Project("{FAE04EC0-301F-11D3-BF4B-00C04F79EFBC}") = "ProyectoFinal", "ProyectoFinal\ProyectoFinal.csproj", "{C60F1217-1AEC-4735-BAC4-BCE5BF1E0D64}"
EndProject
Global
	GlobalSection(SolutionConfigurationPlatforms) = preSolution
		Debug|Any CPU = Debug|Any CPU
		Release|Any CPU = Release|Any CPU
	EndGlobalSection
	GlobalSection(ProjectConfigurationPlatforms) = postSolution
		{C60F1217-1AEC-4735-BAC4-BCE5BF1E0D64}.Debug|Any CPU.ActiveCfg = Debug|Any CPU
		{C60F1217-1AEC-4735-BAC4-BCE5BF1E0D64}.Debug|Any CPU.Build.0 = Debug|Any CPU
		{C60F1217-1AEC-4735-BAC4-BCE5BF1E0D64}.Release|Any CPU.ActiveCfg = Release|Any CPU
		{C60F1217-1AEC-4735-BAC4-BCE5BF1E0D64}.Release|Any CPU.Build.0 = Release|Any CPU
	EndGlobalSection
	GlobalSection(SolutionProperties) = preSolution
		HideSolutionNode = FALSE
	EndGlobalSection
	GlobalSection(ExtensibilityGlobals) = postSolution
		SolutionGuid = {B7E625F7-FF84-4390-8FFA-DEAD8A3171CE}
	EndGlobalSection
EndGlobal
